<?xml version="1.0" encoding="utf-8"?>
<Project ToolsVersion="4.0" xmlns="http://schemas.microsoft.com/developer/msbuild/2003">
  <ItemGroup>
    <Filter Include="Flame">
      <UniqueIdentifier>{6A972E0D-D6AB-56BE-9F2D-FA1D0B0153EF}</UniqueIdentifier>
    </Filter>
    <Filter Include="Flame\Events">
      <UniqueIdentifier>{0E88B620-FAEA-45C5-A370-7E7B8FB21148}</UniqueIdentifier>
    </Filter>
    <Filter Include="Platform">
      <UniqueIdentifier>{2AC788B4-1694-E3BF-3FAD-D1672BD9184E}</UniqueIdentifier>
    </Filter>
    <Filter Include="Platform\WindowsWindow">
      <UniqueIdentifier>{DCDB02DE-C8D5-2B30-B142-C2409DDB919C}</UniqueIdentifier>
    </Filter>
  </ItemGroup>
  <ItemGroup>
    <ClInclude Include="src\Flame.h" />
    <ClInclude Include="src\Flame\Application.h">
      <Filter>Flame</Filter>
    </ClInclude>
    <ClInclude Include="src\Flame\Core.h">
      <Filter>Flame</Filter>
    </ClInclude>
    <ClInclude Include="src\Flame\EntryPoint.h">
      <Filter>Flame</Filter>
    </ClInclude>
    <ClInclude Include="src\Flame\Events\ApplicationEvent.h">
      <Filter>Flame\Events</Filter>
    </ClInclude>
    <ClInclude Include="src\Flame\Events\Event.h">
      <Filter>Flame\Events</Filter>
    </ClInclude>
    <ClInclude Include="src\Flame\Events\KeyEvent.h">
      <Filter>Flame\Events</Filter>
    </ClInclude>
    <ClInclude Include="src\Flame\Events\MouseEvent.h">
      <Filter>Flame\Events</Filter>
    </ClInclude>
    <ClInclude Include="src\Flame\Layer.h">
      <Filter>Flame</Filter>
    </ClInclude>
    <ClInclude Include="src\Flame\LayerStack.h">
      <Filter>Flame</Filter>
    </ClInclude>
    <ClInclude Include="src\Flame\Log.h">
      <Filter>Flame</Filter>
    </ClInclude>
    <ClInclude Include="src\Flame\Window.h">
      <Filter>Flame</Filter>
    </ClInclude>
    <ClInclude Include="src\Platform\WindowsWindow\WindowsWindow.h">
      <Filter>Platform\WindowsWindow</Filter>
    </ClInclude>
    <ClInclude Include="src\flamepch.h" />
  </ItemGroup>
  <ItemGroup>
    <ClCompile Include="src\Flame\Application.cpp">
      <Filter>Flame</Filter>
    </ClCompile>
    <ClCompile Include="src\Flame\Layer.cpp">
      <Filter>Flame</Filter>
    </ClCompile>
    <ClCompile Include="src\Flame\LayerStack.cpp">
      <Filter>Flame</Filter>
    </ClCompile>
    <ClCompile Include="src\Flame\Log.cpp">
      <Filter>Flame</Filter>
    </ClCompile>
    <ClCompile Include="src\Platform\WindowsWindow\WindowsWindow.cpp">
      <Filter>Platform\WindowsWindow</Filter>
    </ClCompile>
    <ClCompile Include="src\flamepch.cpp" />
  </ItemGroup>
</Project>